
Microsoft Visual Studio Solution File, Format Version 12.00
# Visual Studio Version 16
VisualStudioVersion = 16.0.30621.155
MinimumVisualStudioVersion = 10.0.40219.1
Project("{FAE04EC0-301F-11D3-BF4B-00C04F79EFBC}") = "CmpgProject2", "CmpgProject2\CmpgProject2.csproj", "{684B4A59-A53C-41A6-A952-51DBBC64A710}"
EndProject
Global
	GlobalSection(SolutionConfigurationPlatforms) = preSolution
		Debug|Any CPU = Debug|Any CPU
		Release|Any CPU = Release|Any CPU
	EndGlobalSection
	GlobalSection(ProjectConfigurationPlatforms) = postSolution
		{684B4A59-A53C-41A6-A952-51DBBC64A710}.Debug|Any CPU.ActiveCfg = Debug|Any CPU
		{684B4A59-A53C-41A6-A952-51DBBC64A710}.Debug|Any CPU.Build.0 = Debug|Any CPU
		{684B4A59-A53C-41A6-A952-51DBBC64A710}.Release|Any CPU.ActiveCfg = Release|Any CPU
		{684B4A59-A53C-41A6-A952-51DBBC64A710}.Release|Any CPU.Build.0 = Release|Any CPU
	EndGlobalSection
	GlobalSection(SolutionProperties) = preSolution
		HideSolutionNode = FALSE
	EndGlobalSection
	GlobalSection(ExtensibilityGlobals) = postSolution
		SolutionGuid = {014A4816-1A92-484E-AFDE-303ED00E1DAF}
	EndGlobalSection
EndGlobal
